// !$*UTF8*$!
{
	archiveVersion = 1;
	classes = {
	};
	objectVersion = 50;
	objects = {

/* Begin PBXBuildFile section */
		56ED314C2486CFB2001F8544 /* libSocketRocket.a in Frameworks */ = {isa = PBXBuildFile; fileRef = 56ED314B2486CFB2001F8544 /* libSocketRocket.a */; };
		F43567BC247F11B100BDF248 /* Cocoa.framework in Frameworks */ = {isa = PBXBuildFile; fileRef = F43567BB247F11B100BDF248 /* Cocoa.framework */; };
		F43567C2247F11B100BDF248 /* GlyphsCore.framework in Frameworks */ = {isa = PBXBuildFile; fileRef = F43567C1247F11B100BDF248 /* GlyphsCore.framework */; };
		F43567C5247F11B100BDF248 /* CritParty.m in Sources */ = {isa = PBXBuildFile; fileRef = F43567C4247F11B100BDF248 /* CritParty.m */; };
		F47962DD248017FA006565F7 /* WebRTC.framework in Frameworks */ = {isa = PBXBuildFile; fileRef = F47962D924801764006565F7 /* WebRTC.framework */; };
		F47962DE248017FA006565F7 /* WebRTC.framework in Embed Frameworks */ = {isa = PBXBuildFile; fileRef = F47962D924801764006565F7 /* WebRTC.framework */; settings = {ATTRIBUTES = (CodeSignOnCopy, RemoveHeadersOnCopy, ); }; };
		F47962E124801C2F006565F7 /* CritPartyWindow.xib in Resources */ = {isa = PBXBuildFile; fileRef = F47962E024801C2F006565F7 /* CritPartyWindow.xib */; };
		F47962EA24801CA3006565F7 /* RTCIceCandidate+JSON.m in Sources */ = {isa = PBXBuildFile; fileRef = F47962E824801CA2006565F7 /* RTCIceCandidate+JSON.m */; };
		F47962EB24801CA3006565F7 /* SignalingClient.m in Sources */ = {isa = PBXBuildFile; fileRef = F47962E624801CA2006565F7 /* SignalingClient.m */; };
		F47962ED24801CA3006565F7 /* RTCSessionDescription+JSON.m in Sources */ = {isa = PBXBuildFile; fileRef = F47962E924801CA3006565F7 /* RTCSessionDescription+JSON.m */; };
		F49CB8232481376100161313 /* CritParty+Observers.m in Sources */ = {isa = PBXBuildFile; fileRef = F49CB8222481376100161313 /* CritParty+Observers.m */; };
		F49CB82624819CC100161313 /* CritParty+FontTransfer.m in Sources */ = {isa = PBXBuildFile; fileRef = F49CB82524819CC100161313 /* CritParty+FontTransfer.m */; };
/* End PBXBuildFile section */

/* Begin PBXCopyFilesBuildPhase section */
		F47962DF248017FA006565F7 /* Embed Frameworks */ = {
			isa = PBXCopyFilesBuildPhase;
			buildActionMask = 2147483647;
			dstPath = "";
			dstSubfolderSpec = 10;
			files = (
				F47962DE248017FA006565F7 /* WebRTC.framework in Embed Frameworks */,
			);
			name = "Embed Frameworks";
			runOnlyForDeploymentPostprocessing = 0;
		};
/* End PBXCopyFilesBuildPhase section */

/* Begin PBXFileReference section */
		56ED314B2486CFB2001F8544 /* libSocketRocket.a */ = {isa = PBXFileReference; lastKnownFileType = archive.ar; name = libSocketRocket.a; path = "../../../../Library/Developer/Xcode/DerivedData/CritParty-axxdjyprmyicbpgplkwapxaqviya/Build/Products/Debug/SocketRocket/libSocketRocket.a"; sourceTree = "<group>"; };
		F43567B8247F11B100BDF248 /* CritParty.glyphsPlugin */ = {isa = PBXFileReference; explicitFileType = wrapper.cfbundle; includeInIndex = 0; path = CritParty.glyphsPlugin; sourceTree = BUILT_PRODUCTS_DIR; };
		F43567BB247F11B100BDF248 /* Cocoa.framework */ = {isa = PBXFileReference; lastKnownFileType = wrapper.framework; name = Cocoa.framework; path = System/Library/Frameworks/Cocoa.framework; sourceTree = SDKROOT; };
		F43567BE247F11B100BDF248 /* CritParty-Prefix.pch */ = {isa = PBXFileReference; lastKnownFileType = sourcecode.c.h; path = "CritParty-Prefix.pch"; sourceTree = "<group>"; };
		F43567C1247F11B100BDF248 /* GlyphsCore.framework */ = {isa = PBXFileReference; lastKnownFileType = wrapper.framework; name = GlyphsCore.framework; path = /Applications/Glyphs.app/Contents/Frameworks/GlyphsCore.framework; sourceTree = "<absolute>"; };
		F43567C3247F11B100BDF248 /* CritParty.h */ = {isa = PBXFileReference; lastKnownFileType = sourcecode.c.h; path = CritParty.h; sourceTree = "<group>"; };
		F43567C4247F11B100BDF248 /* CritParty.m */ = {isa = PBXFileReference; lastKnownFileType = sourcecode.c.objc; path = CritParty.m; sourceTree = "<group>"; };
		F43567C6247F11B100BDF248 /* Info.plist */ = {isa = PBXFileReference; lastKnownFileType = text.plist.xml; path = Info.plist; sourceTree = "<group>"; };
		F47962D924801764006565F7 /* WebRTC.framework */ = {isa = PBXFileReference; lastKnownFileType = wrapper.framework; path = WebRTC.framework; sourceTree = "<group>"; };
		F47962E024801C2F006565F7 /* CritPartyWindow.xib */ = {isa = PBXFileReference; fileEncoding = 4; lastKnownFileType = file.xib; path = CritPartyWindow.xib; sourceTree = "<group>"; };
		F47962E224801CA0006565F7 /* SignalingClient.h */ = {isa = PBXFileReference; lastKnownFileType = sourcecode.c.h; path = SignalingClient.h; sourceTree = "<group>"; };
		F47962E324801CA1006565F7 /* RTCSessionDescription+JSON.h */ = {isa = PBXFileReference; lastKnownFileType = sourcecode.c.h; path = "RTCSessionDescription+JSON.h"; sourceTree = "<group>"; };
		F47962E624801CA2006565F7 /* SignalingClient.m */ = {isa = PBXFileReference; lastKnownFileType = sourcecode.c.objc; path = SignalingClient.m; sourceTree = "<group>"; };
		F47962E724801CA2006565F7 /* RTCIceCandidate+JSON.h */ = {isa = PBXFileReference; lastKnownFileType = sourcecode.c.h; path = "RTCIceCandidate+JSON.h"; sourceTree = "<group>"; };
		F47962E824801CA2006565F7 /* RTCIceCandidate+JSON.m */ = {isa = PBXFileReference; lastKnownFileType = sourcecode.c.objc; path = "RTCIceCandidate+JSON.m"; sourceTree = "<group>"; };
		F47962E924801CA3006565F7 /* RTCSessionDescription+JSON.m */ = {isa = PBXFileReference; lastKnownFileType = sourcecode.c.objc; path = "RTCSessionDescription+JSON.m"; sourceTree = "<group>"; };
		F49CB8212481376100161313 /* CritParty+Observers.h */ = {isa = PBXFileReference; lastKnownFileType = sourcecode.c.h; path = "CritParty+Observers.h"; sourceTree = "<group>"; };
		F49CB8222481376100161313 /* CritParty+Observers.m */ = {isa = PBXFileReference; lastKnownFileType = sourcecode.c.objc; path = "CritParty+Observers.m"; sourceTree = "<group>"; };
		F49CB82424819CC100161313 /* CritParty+FontTransfer.h */ = {isa = PBXFileReference; lastKnownFileType = sourcecode.c.h; path = "CritParty+FontTransfer.h"; sourceTree = "<group>"; };
		F49CB82524819CC100161313 /* CritParty+FontTransfer.m */ = {isa = PBXFileReference; lastKnownFileType = sourcecode.c.objc; path = "CritParty+FontTransfer.m"; sourceTree = "<group>"; };
/* End PBXFileReference section */

/* Begin PBXFrameworksBuildPhase section */
		F43567B5247F11B100BDF248 /* Frameworks */ = {
			isa = PBXFrameworksBuildPhase;
			buildActionMask = 2147483647;
			files = (
				F43567C2247F11B100BDF248 /* GlyphsCore.framework in Frameworks */,
				F43567BC247F11B100BDF248 /* Cocoa.framework in Frameworks */,
				56ED314C2486CFB2001F8544 /* libSocketRocket.a in Frameworks */,
				F47962DD248017FA006565F7 /* WebRTC.framework in Frameworks */,
			);
			runOnlyForDeploymentPostprocessing = 0;
		};
/* End PBXFrameworksBuildPhase section */

/* Begin PBXGroup section */
		F43567AF247F11B100BDF248 = {
			isa = PBXGroup;
			children = (
				F43567BD247F11B100BDF248 /* CritParty */,
				F43567BA247F11B100BDF248 /* Frameworks */,
				F43567B9247F11B100BDF248 /* Products */,
			);
			sourceTree = "<group>";
		};
		F43567B9247F11B100BDF248 /* Products */ = {
			isa = PBXGroup;
			children = (
				F43567B8247F11B100BDF248 /* CritParty.glyphsPlugin */,
			);
			name = Products;
			sourceTree = "<group>";
		};
		F43567BA247F11B100BDF248 /* Frameworks */ = {
			isa = PBXGroup;
			children = (
				56ED314B2486CFB2001F8544 /* libSocketRocket.a */,
				F43567BB247F11B100BDF248 /* Cocoa.framework */,
				F47962D924801764006565F7 /* WebRTC.framework */,
			);
			name = Frameworks;
			sourceTree = "<group>";
		};
		F43567BD247F11B100BDF248 /* CritParty */ = {
			isa = PBXGroup;
			children = (
				F43567C3247F11B100BDF248 /* CritParty.h */,
				F43567C4247F11B100BDF248 /* CritParty.m */,
				F47962E024801C2F006565F7 /* CritPartyWindow.xib */,
				F43567BE247F11B100BDF248 /* CritParty-Prefix.pch */,
				F43567C6247F11B100BDF248 /* Info.plist */,
				F47962E724801CA2006565F7 /* RTCIceCandidate+JSON.h */,
				F47962E824801CA2006565F7 /* RTCIceCandidate+JSON.m */,
				F47962E324801CA1006565F7 /* RTCSessionDescription+JSON.h */,
				F47962E924801CA3006565F7 /* RTCSessionDescription+JSON.m */,
				F47962E224801CA0006565F7 /* SignalingClient.h */,
				F47962E624801CA2006565F7 /* SignalingClient.m */,
				F43567C0247F11B100BDF248 /* Supporting Files */,
				F49CB8212481376100161313 /* CritParty+Observers.h */,
				F49CB8222481376100161313 /* CritParty+Observers.m */,
				F49CB82424819CC100161313 /* CritParty+FontTransfer.h */,
				F49CB82524819CC100161313 /* CritParty+FontTransfer.m */,
			);
			path = CritParty;
			sourceTree = "<group>";
		};
		F43567C0247F11B100BDF248 /* Supporting Files */ = {
			isa = PBXGroup;
			children = (
				F43567C1247F11B100BDF248 /* GlyphsCore.framework */,
			);
			path = "Supporting Files";
			sourceTree = "<group>";
		};
/* End PBXGroup section */

/* Begin PBXNativeTarget section */
		F43567B7247F11B100BDF248 /* CritParty */ = {
			isa = PBXNativeTarget;
			buildConfigurationList = F43567C9247F11B100BDF248 /* Build configuration list for PBXNativeTarget "CritParty" */;
			buildPhases = (
				F43567B4247F11B100BDF248 /* Sources */,
				F43567B5247F11B100BDF248 /* Frameworks */,
				F43567B6247F11B100BDF248 /* Resources */,
				F47962DF248017FA006565F7 /* Embed Frameworks */,
			);
			buildRules = (
			);
			dependencies = (
			);
			name = CritParty;
			productName = CritParty;
			productReference = F43567B8247F11B100BDF248 /* CritParty.glyphsPlugin */;
			productType = "com.apple.product-type.bundle";
		};
/* End PBXNativeTarget section */

/* Begin PBXProject section */
		F43567B0247F11B100BDF248 /* Project object */ = {
			isa = PBXProject;
			attributes = {
				LastUpgradeCheck = 1250;
				ORGANIZATIONNAME = "Simon Cozens";
				TargetAttributes = {
					F43567B7247F11B100BDF248 = {
						CreatedOnToolsVersion = 11.0;
					};
				};
			};
			buildConfigurationList = F43567B3247F11B100BDF248 /* Build configuration list for PBXProject "CritParty" */;
			compatibilityVersion = "Xcode 9.3";
			developmentRegion = en;
			hasScannedForEncodings = 0;
			knownRegions = (
				en,
				Base,
			);
			mainGroup = F43567AF247F11B100BDF248;
			productRefGroup = F43567B9247F11B100BDF248 /* Products */;
			projectDirPath = "";
			projectRoot = "";
			targets = (
				F43567B7247F11B100BDF248 /* CritParty */,
			);
		};
/* End PBXProject section */

/* Begin PBXResourcesBuildPhase section */
		F43567B6247F11B100BDF248 /* Resources */ = {
			isa = PBXResourcesBuildPhase;
			buildActionMask = 2147483647;
			files = (
				F47962E124801C2F006565F7 /* CritPartyWindow.xib in Resources */,
			);
			runOnlyForDeploymentPostprocessing = 0;
		};
/* End PBXResourcesBuildPhase section */

/* Begin PBXSourcesBuildPhase section */
		F43567B4247F11B100BDF248 /* Sources */ = {
			isa = PBXSourcesBuildPhase;
			buildActionMask = 2147483647;
			files = (
				F47962ED24801CA3006565F7 /* RTCSessionDescription+JSON.m in Sources */,
				F47962EB24801CA3006565F7 /* SignalingClient.m in Sources */,
				F43567C5247F11B100BDF248 /* CritParty.m in Sources */,
				F49CB8232481376100161313 /* CritParty+Observers.m in Sources */,
				F49CB82624819CC100161313 /* CritParty+FontTransfer.m in Sources */,
				F47962EA24801CA3006565F7 /* RTCIceCandidate+JSON.m in Sources */,
			);
			runOnlyForDeploymentPostprocessing = 0;
		};
/* End PBXSourcesBuildPhase section */

/* Begin XCBuildConfiguration section */
		F43567C7247F11B100BDF248 /* Debug */ = {
			isa = XCBuildConfiguration;
			buildSettings = {
				ALWAYS_SEARCH_USER_PATHS = NO;
				CLANG_ANALYZER_NONNULL = YES;
				CLANG_ANALYZER_NUMBER_OBJECT_CONVERSION = YES_AGGRESSIVE;
				CLANG_CXX_LANGUAGE_STANDARD = "gnu++14";
				CLANG_CXX_LIBRARY = "libc++";
				CLANG_ENABLE_MODULES = YES;
				CLANG_ENABLE_OBJC_ARC = YES;
				CLANG_ENABLE_OBJC_WEAK = YES;
				CLANG_WARN_BLOCK_CAPTURE_AUTORELEASING = YES;
				CLANG_WARN_BOOL_CONVERSION = YES;
				CLANG_WARN_COMMA = YES;
				CLANG_WARN_CONSTANT_CONVERSION = YES;
				CLANG_WARN_DEPRECATED_OBJC_IMPLEMENTATIONS = YES;
				CLANG_WARN_DIRECT_OBJC_ISA_USAGE = YES_ERROR;
				CLANG_WARN_DOCUMENTATION_COMMENTS = YES;
				CLANG_WARN_EMPTY_BODY = YES;
				CLANG_WARN_ENUM_CONVERSION = YES;
				CLANG_WARN_INFINITE_RECURSION = YES;
				CLANG_WARN_INT_CONVERSION = YES;
				CLANG_WARN_NON_LITERAL_NULL_CONVERSION = YES;
				CLANG_WARN_OBJC_IMPLICIT_RETAIN_SELF = YES;
				CLANG_WARN_OBJC_LITERAL_CONVERSION = YES;
				CLANG_WARN_OBJC_ROOT_CLASS = YES_ERROR;
				CLANG_WARN_QUOTED_INCLUDE_IN_FRAMEWORK_HEADER = YES;
				CLANG_WARN_RANGE_LOOP_ANALYSIS = YES;
				CLANG_WARN_STRICT_PROTOTYPES = YES;
				CLANG_WARN_SUSPICIOUS_MOVE = YES;
				CLANG_WARN_UNGUARDED_AVAILABILITY = YES_AGGRESSIVE;
				CLANG_WARN_UNREACHABLE_CODE = YES;
				CLANG_WARN__DUPLICATE_METHOD_MATCH = YES;
				COPY_PHASE_STRIP = YES;
				DEBUG_INFORMATION_FORMAT = dwarf;
				ENABLE_STRICT_OBJC_MSGSEND = YES;
				ENABLE_TESTABILITY = YES;
				GCC_C_LANGUAGE_STANDARD = gnu11;
				GCC_DYNAMIC_NO_PIC = NO;
				GCC_NO_COMMON_BLOCKS = YES;
				GCC_OPTIMIZATION_LEVEL = 0;
				GCC_PREPROCESSOR_DEFINITIONS = (
					"DEBUG=1",
					"$(inherited)",
				);
				GCC_WARN_64_TO_32_BIT_CONVERSION = YES;
				GCC_WARN_ABOUT_RETURN_TYPE = YES_ERROR;
				GCC_WARN_UNDECLARED_SELECTOR = YES;
				GCC_WARN_UNINITIALIZED_AUTOS = YES_AGGRESSIVE;
				GCC_WARN_UNUSED_FUNCTION = YES;
				GCC_WARN_UNUSED_VARIABLE = YES;
				MACOSX_DEPLOYMENT_TARGET = 10.14;
				MTL_ENABLE_DEBUG_INFO = INCLUDE_SOURCE;
				MTL_FAST_MATH = YES;
				ONLY_ACTIVE_ARCH = YES;
				SDKROOT = macosx;
			};
			name = Debug;
		};
		F43567C8247F11B100BDF248 /* Release */ = {
			isa = XCBuildConfiguration;
			buildSettings = {
				ALWAYS_SEARCH_USER_PATHS = NO;
				CLANG_ANALYZER_NONNULL = YES;
				CLANG_ANALYZER_NUMBER_OBJECT_CONVERSION = YES_AGGRESSIVE;
				CLANG_CXX_LANGUAGE_STANDARD = "gnu++14";
				CLANG_CXX_LIBRARY = "libc++";
				CLANG_ENABLE_MODULES = YES;
				CLANG_ENABLE_OBJC_ARC = YES;
				CLANG_ENABLE_OBJC_WEAK = YES;
				CLANG_WARN_BLOCK_CAPTURE_AUTORELEASING = YES;
				CLANG_WARN_BOOL_CONVERSION = YES;
				CLANG_WARN_COMMA = YES;
				CLANG_WARN_CONSTANT_CONVERSION = YES;
				CLANG_WARN_DEPRECATED_OBJC_IMPLEMENTATIONS = YES;
				CLANG_WARN_DIRECT_OBJC_ISA_USAGE = YES_ERROR;
				CLANG_WARN_DOCUMENTATION_COMMENTS = YES;
				CLANG_WARN_EMPTY_BODY = YES;
				CLANG_WARN_ENUM_CONVERSION = YES;
				CLANG_WARN_INFINITE_RECURSION = YES;
				CLANG_WARN_INT_CONVERSION = YES;
				CLANG_WARN_NON_LITERAL_NULL_CONVERSION = YES;
				CLANG_WARN_OBJC_IMPLICIT_RETAIN_SELF = YES;
				CLANG_WARN_OBJC_LITERAL_CONVERSION = YES;
				CLANG_WARN_OBJC_ROOT_CLASS = YES_ERROR;
				CLANG_WARN_QUOTED_INCLUDE_IN_FRAMEWORK_HEADER = YES;
				CLANG_WARN_RANGE_LOOP_ANALYSIS = YES;
				CLANG_WARN_STRICT_PROTOTYPES = YES;
				CLANG_WARN_SUSPICIOUS_MOVE = YES;
				CLANG_WARN_UNGUARDED_AVAILABILITY = YES_AGGRESSIVE;
				CLANG_WARN_UNREACHABLE_CODE = YES;
				CLANG_WARN__DUPLICATE_METHOD_MATCH = YES;
				COPY_PHASE_STRIP = YES;
				DEBUG_INFORMATION_FORMAT = "dwarf-with-dsym";
				ENABLE_NS_ASSERTIONS = NO;
				ENABLE_STRICT_OBJC_MSGSEND = YES;
				GCC_C_LANGUAGE_STANDARD = gnu11;
				GCC_NO_COMMON_BLOCKS = YES;
				GCC_WARN_64_TO_32_BIT_CONVERSION = YES;
				GCC_WARN_ABOUT_RETURN_TYPE = YES_ERROR;
				GCC_WARN_UNDECLARED_SELECTOR = YES;
				GCC_WARN_UNINITIALIZED_AUTOS = YES_AGGRESSIVE;
				GCC_WARN_UNUSED_FUNCTION = YES;
				GCC_WARN_UNUSED_VARIABLE = YES;
				MACOSX_DEPLOYMENT_TARGET = 10.14;
				MTL_ENABLE_DEBUG_INFO = NO;
				MTL_FAST_MATH = YES;
				SDKROOT = macosx;
			};
			name = Release;
		};
		F43567CA247F11B100BDF248 /* Debug */ = {
			isa = XCBuildConfiguration;
			buildSettings = {
				CODE_SIGN_STYLE = Manual;
				COMBINE_HIDPI_IMAGES = YES;
				COPY_PHASE_STRIP = YES;
				DEPLOYMENT_LOCATION = YES;
				DEVELOPMENT_TEAM = GHYRZM4TBD;
				DSTROOT = "$(USER_LIBRARY_DIR)/Application Support/Glyphs/Plugins";
				FRAMEWORK_SEARCH_PATHS = (
					"$(SYSTEM_APPS_DIR)/Glyphs.app/Contents/Frameworks",
					"$(PROJECT_DIR)",
				);
				GCC_PREFIX_HEADER = "CritParty/CritParty-Prefix.pch";
				HEADER_SEARCH_PATHS = "$(PROJECT_DIR)/SocketRocket";
				INFOPLIST_FILE = CritParty/Info.plist;
				INSTALL_PATH = /;
				LD_RUNPATH_SEARCH_PATHS = "@loader_path/../Frameworks";
				LIBRARY_SEARCH_PATHS = (
					"$(inherited)",
					"$(PROJECT_DIR)",
				);
				PRODUCT_BUNDLE_IDENTIFIER = "org.simon-cozens.CritParty";
				PRODUCT_NAME = "$(TARGET_NAME)";
				WRAPPER_EXTENSION = glyphsPlugin;
			};
			name = Debug;
		};
		F43567CB247F11B100BDF248 /* Release */ = {
			isa = XCBuildConfiguration;
			buildSettings = {
				CODE_SIGN_STYLE = Manual;
				COMBINE_HIDPI_IMAGES = YES;
				COPY_PHASE_STRIP = YES;
				DEVELOPMENT_TEAM = GHYRZM4TBD;
				FRAMEWORK_SEARCH_PATHS = (
					"$(SYSTEM_APPS_DIR)/Glyphs.app/Contents/Frameworks",
					"$(PROJECT_DIR)",
				);
				GCC_PREFIX_HEADER = "CritParty/CritParty-Prefix.pch";
				HEADER_SEARCH_PATHS = "$(PROJECT_DIR)/SocketRocket";
				INFOPLIST_FILE = CritParty/Info.plist;
				INSTALL_PATH = /;
				LD_RUNPATH_SEARCH_PATHS = "@loader_path/../Frameworks";
				LIBRARY_SEARCH_PATHS = (
					"$(inherited)",
					"$(PROJECT_DIR)",
				);
				PRODUCT_BUNDLE_IDENTIFIER = "org.simon-cozens.CritParty";
				PRODUCT_NAME = "$(TARGET_NAME)";
				WRAPPER_EXTENSION = glyphsPlugin;
			};
			name = Release;
		};
/* End XCBuildConfiguration section */

/* Begin XCConfigurationList section */
		F43567B3247F11B100BDF248 /* Build configuration list for PBXProject "CritParty" */ = {
			isa = XCConfigurationList;
			buildConfigurations = (
				F43567C7247F11B100BDF248 /* Debug */,
				F43567C8247F11B100BDF248 /* Release */,
			);
			defaultConfigurationIsVisible = 0;
			defaultConfigurationName = Release;
		};
		F43567C9247F11B100BDF248 /* Build configuration list for PBXNativeTarget "CritParty" */ = {
			isa = XCConfigurationList;
			buildConfigurations = (
				F43567CA247F11B100BDF248 /* Debug */,
				F43567CB247F11B100BDF248 /* Release */,
			);
			defaultConfigurationIsVisible = 0;
			defaultConfigurationName = Release;
		};
/* End XCConfigurationList section */
	};
	rootObject = F43567B0247F11B100BDF248 /* Project object */;
}
